// !$*UTF8*$!
{
	archiveVersion = 1;
	classes = {
	};
	objectVersion = 50;
	objects = {

/* Begin PBXBuildFile section */
		F80534EF21FC014B0064609D /* ASTabBarViewController.swift in Sources */ = {isa = PBXBuildFile; fileRef = F80534EE21FC014B0064609D /* ASTabBarViewController.swift */; };
		F80534F221FC01920064609D /* ASBaseViewController.swift in Sources */ = {isa = PBXBuildFile; fileRef = F80534F121FC01920064609D /* ASBaseViewController.swift */; };
		F80534F421FC01B80064609D /* ASTodayViewController.swift in Sources */ = {isa = PBXBuildFile; fileRef = F80534F321FC01B80064609D /* ASTodayViewController.swift */; };
		F80534F621FC01C00064609D /* ASGameViewController.swift in Sources */ = {isa = PBXBuildFile; fileRef = F80534F521FC01C00064609D /* ASGameViewController.swift */; };
		F80534F821FC01CA0064609D /* ASAppViewController.swift in Sources */ = {isa = PBXBuildFile; fileRef = F80534F721FC01CA0064609D /* ASAppViewController.swift */; };
		F80534FA21FC01DC0064609D /* ASUpdateViewController.swift in Sources */ = {isa = PBXBuildFile; fileRef = F80534F921FC01DC0064609D /* ASUpdateViewController.swift */; };
		F80534FC21FC01E70064609D /* ASSearchViewController.swift in Sources */ = {isa = PBXBuildFile; fileRef = F80534FB21FC01E70064609D /* ASSearchViewController.swift */; };
		F80534FF21FC030A0064609D /* ASBaseNavController.swift in Sources */ = {isa = PBXBuildFile; fileRef = F80534FE21FC030A0064609D /* ASBaseNavController.swift */; };
		F805350221FC0B1F0064609D /* ASLargeTitleView.swift in Sources */ = {isa = PBXBuildFile; fileRef = F805350121FC0B1F0064609D /* ASLargeTitleView.swift */; };
		F805350521FC0DE10064609D /* Const.swift in Sources */ = {isa = PBXBuildFile; fileRef = F805350421FC0DE10064609D /* Const.swift */; };
		F805350721FC31F80064609D /* AppUtils.swift in Sources */ = {isa = PBXBuildFile; fileRef = F805350621FC31F80064609D /* AppUtils.swift */; };
		F805350B21FC4CCC0064609D /* ASGameTableViewCell.swift in Sources */ = {isa = PBXBuildFile; fileRef = F805350A21FC4CCC0064609D /* ASGameTableViewCell.swift */; };
		F805350E21FC51410064609D /* ASGameCollectionViewCell.swift in Sources */ = {isa = PBXBuildFile; fileRef = F805350C21FC51410064609D /* ASGameCollectionViewCell.swift */; };
		F805350F21FC51410064609D /* ASGameCollectionViewCell.xib in Resources */ = {isa = PBXBuildFile; fileRef = F805350D21FC51410064609D /* ASGameCollectionViewCell.xib */; };
		F805351221FC56F20064609D /* ASGame1CollectionViewCell.swift in Sources */ = {isa = PBXBuildFile; fileRef = F805351021FC56F20064609D /* ASGame1CollectionViewCell.swift */; };
		F805351321FC56F20064609D /* ASGame1CollectionViewCell.xib in Resources */ = {isa = PBXBuildFile; fileRef = F805351121FC56F20064609D /* ASGame1CollectionViewCell.xib */; };
		F805351721FC5E150064609D /* ASGame1TableViewCell.swift in Sources */ = {isa = PBXBuildFile; fileRef = F805351621FC5E150064609D /* ASGame1TableViewCell.swift */; };
		F805351921FC5E650064609D /* ASGame2TableViewCell.swift in Sources */ = {isa = PBXBuildFile; fileRef = F805351821FC5E650064609D /* ASGame2TableViewCell.swift */; };
		F805351C21FC5E9E0064609D /* ASGame2CollectionViewCell.swift in Sources */ = {isa = PBXBuildFile; fileRef = F805351A21FC5E9E0064609D /* ASGame2CollectionViewCell.swift */; };
		F805351D21FC5E9E0064609D /* ASGame2CollectionViewCell.xib in Resources */ = {isa = PBXBuildFile; fileRef = F805351B21FC5E9E0064609D /* ASGame2CollectionViewCell.xib */; };
		F81FF8A621FEA01000441CD7 /* ASHeadReusableView.swift in Sources */ = {isa = PBXBuildFile; fileRef = F81FF8A421FEA01000441CD7 /* ASHeadReusableView.swift */; };
		F81FF8A721FEA01000441CD7 /* ASHeadReusableView.xib in Resources */ = {isa = PBXBuildFile; fileRef = F81FF8A521FEA01000441CD7 /* ASHeadReusableView.xib */; };
		F81FF8AA21FEA76700441CD7 /* ASGame3TableViewCell.swift in Sources */ = {isa = PBXBuildFile; fileRef = F81FF8A821FEA76700441CD7 /* ASGame3TableViewCell.swift */; };
		F81FF8AB21FEA76700441CD7 /* ASGame3TableViewCell.xib in Resources */ = {isa = PBXBuildFile; fileRef = F81FF8A921FEA76700441CD7 /* ASGame3TableViewCell.xib */; };
		F81FF8AD21FEA7C000441CD7 /* ASGame4TableViewCell.swift in Sources */ = {isa = PBXBuildFile; fileRef = F81FF8AC21FEA7C000441CD7 /* ASGame4TableViewCell.swift */; };
		F81FF8AF21FEA7DA00441CD7 /* ASGame5TableViewCell.swift in Sources */ = {isa = PBXBuildFile; fileRef = F81FF8AE21FEA7DA00441CD7 /* ASGame5TableViewCell.swift */; };
		F81FF8B121FEAE1000441CD7 /* ASGame4TableViewCell.xib in Resources */ = {isa = PBXBuildFile; fileRef = F81FF8B021FEAE1000441CD7 /* ASGame4TableViewCell.xib */; };
		F81FF8B321FEAE1A00441CD7 /* ASGame5TableViewCell.xib in Resources */ = {isa = PBXBuildFile; fileRef = F81FF8B221FEAE1A00441CD7 /* ASGame5TableViewCell.xib */; };
		F81FF8B721FED74300441CD7 /* ASUpdateTableViewCell.swift in Sources */ = {isa = PBXBuildFile; fileRef = F81FF8B521FED74300441CD7 /* ASUpdateTableViewCell.swift */; };
		F81FF8B821FED74300441CD7 /* ASUpdateTableViewCell.xib in Resources */ = {isa = PBXBuildFile; fileRef = F81FF8B621FED74300441CD7 /* ASUpdateTableViewCell.xib */; };
		F81FF8BB21FEDB3600441CD7 /* ASUpdate1TableViewCell.swift in Sources */ = {isa = PBXBuildFile; fileRef = F81FF8B921FEDB3600441CD7 /* ASUpdate1TableViewCell.swift */; };
		F81FF8BC21FEDB3600441CD7 /* ASUpdate1TableViewCell.xib in Resources */ = {isa = PBXBuildFile; fileRef = F81FF8BA21FEDB3600441CD7 /* ASUpdate1TableViewCell.xib */; };
		F81FF8BE21FEDCD600441CD7 /* ASLargeSearchView.swift in Sources */ = {isa = PBXBuildFile; fileRef = F81FF8BD21FEDCD600441CD7 /* ASLargeSearchView.swift */; };
		F81FF8C421FEEF7100441CD7 /* ASNavSearchView.swift in Sources */ = {isa = PBXBuildFile; fileRef = F81FF8C321FEEF7100441CD7 /* ASNavSearchView.swift */; };
		F864AA6821EF327D00C08B8F /* AppDelegate.swift in Sources */ = {isa = PBXBuildFile; fileRef = F864AA6721EF327D00C08B8F /* AppDelegate.swift */; };
		F864AA6A21EF327D00C08B8F /* ViewController.swift in Sources */ = {isa = PBXBuildFile; fileRef = F864AA6921EF327D00C08B8F /* ViewController.swift */; };
		F864AA6D21EF327D00C08B8F /* Main.storyboard in Resources */ = {isa = PBXBuildFile; fileRef = F864AA6B21EF327D00C08B8F /* Main.storyboard */; };
		F864AA6F21EF327F00C08B8F /* Assets.xcassets in Resources */ = {isa = PBXBuildFile; fileRef = F864AA6E21EF327F00C08B8F /* Assets.xcassets */; };
		F864AA7221EF327F00C08B8F /* LaunchScreen.storyboard in Resources */ = {isa = PBXBuildFile; fileRef = F864AA7021EF327F00C08B8F /* LaunchScreen.storyboard */; };
		F864AA7B21EF333200C08B8F /* oneTableViewCell.swift in Sources */ = {isa = PBXBuildFile; fileRef = F864AA7921EF333200C08B8F /* oneTableViewCell.swift */; };
		F864AA7C21EF333200C08B8F /* oneTableViewCell.xib in Resources */ = {isa = PBXBuildFile; fileRef = F864AA7A21EF333200C08B8F /* oneTableViewCell.xib */; };
		F864AA7F21EF334000C08B8F /* twoTableViewCell.swift in Sources */ = {isa = PBXBuildFile; fileRef = F864AA7D21EF334000C08B8F /* twoTableViewCell.swift */; };
		F864AA8021EF334000C08B8F /* twoTableViewCell.xib in Resources */ = {isa = PBXBuildFile; fileRef = F864AA7E21EF334000C08B8F /* twoTableViewCell.xib */; };
/* End PBXBuildFile section */

/* Begin PBXFileReference section */
		F80534EE21FC014B0064609D /* ASTabBarViewController.swift */ = {isa = PBXFileReference; lastKnownFileType = sourcecode.swift; path = ASTabBarViewController.swift; sourceTree = "<group>"; };
		F80534F121FC01920064609D /* ASBaseViewController.swift */ = {isa = PBXFileReference; lastKnownFileType = sourcecode.swift; path = ASBaseViewController.swift; sourceTree = "<group>"; };
		F80534F321FC01B80064609D /* ASTodayViewController.swift */ = {isa = PBXFileReference; lastKnownFileType = sourcecode.swift; path = ASTodayViewController.swift; sourceTree = "<group>"; };
		F80534F521FC01C00064609D /* ASGameViewController.swift */ = {isa = PBXFileReference; lastKnownFileType = sourcecode.swift; path = ASGameViewController.swift; sourceTree = "<group>"; };
		F80534F721FC01CA0064609D /* ASAppViewController.swift */ = {isa = PBXFileReference; lastKnownFileType = sourcecode.swift; path = ASAppViewController.swift; sourceTree = "<group>"; };
		F80534F921FC01DC0064609D /* ASUpdateViewController.swift */ = {isa = PBXFileReference; lastKnownFileType = sourcecode.swift; path = ASUpdateViewController.swift; sourceTree = "<group>"; };
		F80534FB21FC01E70064609D /* ASSearchViewController.swift */ = {isa = PBXFileReference; lastKnownFileType = sourcecode.swift; path = ASSearchViewController.swift; sourceTree = "<group>"; };
		F80534FE21FC030A0064609D /* ASBaseNavController.swift */ = {isa = PBXFileReference; lastKnownFileType = sourcecode.swift; path = ASBaseNavController.swift; sourceTree = "<group>"; };
		F805350121FC0B1F0064609D /* ASLargeTitleView.swift */ = {isa = PBXFileReference; lastKnownFileType = sourcecode.swift; path = ASLargeTitleView.swift; sourceTree = "<group>"; };
		F805350421FC0DE10064609D /* Const.swift */ = {isa = PBXFileReference; lastKnownFileType = sourcecode.swift; path = Const.swift; sourceTree = "<group>"; };
		F805350621FC31F80064609D /* AppUtils.swift */ = {isa = PBXFileReference; lastKnownFileType = sourcecode.swift; path = AppUtils.swift; sourceTree = "<group>"; };
		F805350A21FC4CCC0064609D /* ASGameTableViewCell.swift */ = {isa = PBXFileReference; lastKnownFileType = sourcecode.swift; path = ASGameTableViewCell.swift; sourceTree = "<group>"; };
		F805350C21FC51410064609D /* ASGameCollectionViewCell.swift */ = {isa = PBXFileReference; lastKnownFileType = sourcecode.swift; path = ASGameCollectionViewCell.swift; sourceTree = "<group>"; };
		F805350D21FC51410064609D /* ASGameCollectionViewCell.xib */ = {isa = PBXFileReference; lastKnownFileType = file.xib; path = ASGameCollectionViewCell.xib; sourceTree = "<group>"; };
		F805351021FC56F20064609D /* ASGame1CollectionViewCell.swift */ = {isa = PBXFileReference; lastKnownFileType = sourcecode.swift; path = ASGame1CollectionViewCell.swift; sourceTree = "<group>"; };
		F805351121FC56F20064609D /* ASGame1CollectionViewCell.xib */ = {isa = PBXFileReference; lastKnownFileType = file.xib; path = ASGame1CollectionViewCell.xib; sourceTree = "<group>"; };
		F805351621FC5E150064609D /* ASGame1TableViewCell.swift */ = {isa = PBXFileReference; lastKnownFileType = sourcecode.swift; path = ASGame1TableViewCell.swift; sourceTree = "<group>"; };
		F805351821FC5E650064609D /* ASGame2TableViewCell.swift */ = {isa = PBXFileReference; lastKnownFileType = sourcecode.swift; path = ASGame2TableViewCell.swift; sourceTree = "<group>"; };
		F805351A21FC5E9E0064609D /* ASGame2CollectionViewCell.swift */ = {isa = PBXFileReference; lastKnownFileType = sourcecode.swift; path = ASGame2CollectionViewCell.swift; sourceTree = "<group>"; };
		F805351B21FC5E9E0064609D /* ASGame2CollectionViewCell.xib */ = {isa = PBXFileReference; lastKnownFileType = file.xib; path = ASGame2CollectionViewCell.xib; sourceTree = "<group>"; };
		F81FF8A421FEA01000441CD7 /* ASHeadReusableView.swift */ = {isa = PBXFileReference; lastKnownFileType = sourcecode.swift; path = ASHeadReusableView.swift; sourceTree = "<group>"; };
		F81FF8A521FEA01000441CD7 /* ASHeadReusableView.xib */ = {isa = PBXFileReference; lastKnownFileType = file.xib; path = ASHeadReusableView.xib; sourceTree = "<group>"; };
		F81FF8A821FEA76700441CD7 /* ASGame3TableViewCell.swift */ = {isa = PBXFileReference; lastKnownFileType = sourcecode.swift; path = ASGame3TableViewCell.swift; sourceTree = "<group>"; };
		F81FF8A921FEA76700441CD7 /* ASGame3TableViewCell.xib */ = {isa = PBXFileReference; lastKnownFileType = file.xib; path = ASGame3TableViewCell.xib; sourceTree = "<group>"; };
		F81FF8AC21FEA7C000441CD7 /* ASGame4TableViewCell.swift */ = {isa = PBXFileReference; lastKnownFileType = sourcecode.swift; path = ASGame4TableViewCell.swift; sourceTree = "<group>"; };
		F81FF8AE21FEA7DA00441CD7 /* ASGame5TableViewCell.swift */ = {isa = PBXFileReference; lastKnownFileType = sourcecode.swift; path = ASGame5TableViewCell.swift; sourceTree = "<group>"; };
		F81FF8B021FEAE1000441CD7 /* ASGame4TableViewCell.xib */ = {isa = PBXFileReference; lastKnownFileType = file.xib; path = ASGame4TableViewCell.xib; sourceTree = "<group>"; };
		F81FF8B221FEAE1A00441CD7 /* ASGame5TableViewCell.xib */ = {isa = PBXFileReference; lastKnownFileType = file.xib; path = ASGame5TableViewCell.xib; sourceTree = "<group>"; };
		F81FF8B521FED74300441CD7 /* ASUpdateTableViewCell.swift */ = {isa = PBXFileReference; lastKnownFileType = sourcecode.swift; path = ASUpdateTableViewCell.swift; sourceTree = "<group>"; };
		F81FF8B621FED74300441CD7 /* ASUpdateTableViewCell.xib */ = {isa = PBXFileReference; lastKnownFileType = file.xib; path = ASUpdateTableViewCell.xib; sourceTree = "<group>"; };
		F81FF8B921FEDB3600441CD7 /* ASUpdate1TableViewCell.swift */ = {isa = PBXFileReference; lastKnownFileType = sourcecode.swift; path = ASUpdate1TableViewCell.swift; sourceTree = "<group>"; };
		F81FF8BA21FEDB3600441CD7 /* ASUpdate1TableViewCell.xib */ = {isa = PBXFileReference; lastKnownFileType = file.xib; path = ASUpdate1TableViewCell.xib; sourceTree = "<group>"; };
		F81FF8BD21FEDCD600441CD7 /* ASLargeSearchView.swift */ = {isa = PBXFileReference; lastKnownFileType = sourcecode.swift; path = ASLargeSearchView.swift; sourceTree = "<group>"; };
		F81FF8C321FEEF7100441CD7 /* ASNavSearchView.swift */ = {isa = PBXFileReference; lastKnownFileType = sourcecode.swift; path = ASNavSearchView.swift; sourceTree = "<group>"; };
		F864AA6421EF327D00C08B8F /* appstore.app */ = {isa = PBXFileReference; explicitFileType = wrapper.application; includeInIndex = 0; path = appstore.app; sourceTree = BUILT_PRODUCTS_DIR; };
		F864AA6721EF327D00C08B8F /* AppDelegate.swift */ = {isa = PBXFileReference; lastKnownFileType = sourcecode.swift; path = AppDelegate.swift; sourceTree = "<group>"; };
		F864AA6921EF327D00C08B8F /* ViewController.swift */ = {isa = PBXFileReference; lastKnownFileType = sourcecode.swift; path = ViewController.swift; sourceTree = "<group>"; };
		F864AA6C21EF327D00C08B8F /* Base */ = {isa = PBXFileReference; lastKnownFileType = file.storyboard; name = Base; path = Base.lproj/Main.storyboard; sourceTree = "<group>"; };
		F864AA6E21EF327F00C08B8F /* Assets.xcassets */ = {isa = PBXFileReference; lastKnownFileType = folder.assetcatalog; path = Assets.xcassets; sourceTree = "<group>"; };
		F864AA7121EF327F00C08B8F /* Base */ = {isa = PBXFileReference; lastKnownFileType = file.storyboard; name = Base; path = Base.lproj/LaunchScreen.storyboard; sourceTree = "<group>"; };
		F864AA7321EF327F00C08B8F /* Info.plist */ = {isa = PBXFileReference; lastKnownFileType = text.plist.xml; path = Info.plist; sourceTree = "<group>"; };
		F864AA7921EF333200C08B8F /* oneTableViewCell.swift */ = {isa = PBXFileReference; lastKnownFileType = sourcecode.swift; path = oneTableViewCell.swift; sourceTree = "<group>"; };
		F864AA7A21EF333200C08B8F /* oneTableViewCell.xib */ = {isa = PBXFileReference; lastKnownFileType = file.xib; path = oneTableViewCell.xib; sourceTree = "<group>"; };
		F864AA7D21EF334000C08B8F /* twoTableViewCell.swift */ = {isa = PBXFileReference; lastKnownFileType = sourcecode.swift; path = twoTableViewCell.swift; sourceTree = "<group>"; };
		F864AA7E21EF334000C08B8F /* twoTableViewCell.xib */ = {isa = PBXFileReference; lastKnownFileType = file.xib; path = twoTableViewCell.xib; sourceTree = "<group>"; };
/* End PBXFileReference section */

/* Begin PBXFrameworksBuildPhase section */
		F864AA6121EF327D00C08B8F /* Frameworks */ = {
			isa = PBXFrameworksBuildPhase;
			buildActionMask = 2147483647;
			files = (
			);
			runOnlyForDeploymentPostprocessing = 0;
		};
/* End PBXFrameworksBuildPhase section */

/* Begin PBXGroup section */
		F80534F021FC016C0064609D /* VC */ = {
			isa = PBXGroup;
			children = (
				F80534F321FC01B80064609D /* ASTodayViewController.swift */,
				F80534F521FC01C00064609D /* ASGameViewController.swift */,
				F80534F721FC01CA0064609D /* ASAppViewController.swift */,
				F80534F921FC01DC0064609D /* ASUpdateViewController.swift */,
				F80534FB21FC01E70064609D /* ASSearchViewController.swift */,
			);
			path = VC;
			sourceTree = "<group>";
		};
		F80534FD21FC02E30064609D /* Base */ = {
			isa = PBXGroup;
			children = (
				F80534F121FC01920064609D /* ASBaseViewController.swift */,
				F80534FE21FC030A0064609D /* ASBaseNavController.swift */,
				F80534EE21FC014B0064609D /* ASTabBarViewController.swift */,
			);
			path = Base;
			sourceTree = "<group>";
		};
		F805350021FC0B020064609D /* View */ = {
			isa = PBXGroup;
			children = (
				F81FF8C52200370100441CD7 /* TitleView */,
				F81FF8B421FED6E200441CD7 /* updatecell */,
				F805350921FC4C760064609D /* gamecell */,
				F805350821FC4B740064609D /* todaycell */,
			);
			path = View;
			sourceTree = "<group>";
		};
		F805350321FC0DCD0064609D /* Others */ = {
			isa = PBXGroup;
			children = (
				F805350421FC0DE10064609D /* Const.swift */,
				F805350621FC31F80064609D /* AppUtils.swift */,
			);
			path = Others;
			sourceTree = "<group>";
		};
		F805350821FC4B740064609D /* todaycell */ = {
			isa = PBXGroup;
			children = (
				F864AA7921EF333200C08B8F /* oneTableViewCell.swift */,
				F864AA7A21EF333200C08B8F /* oneTableViewCell.xib */,
				F864AA7D21EF334000C08B8F /* twoTableViewCell.swift */,
				F864AA7E21EF334000C08B8F /* twoTableViewCell.xib */,
				F81FF8A421FEA01000441CD7 /* ASHeadReusableView.swift */,
				F81FF8A521FEA01000441CD7 /* ASHeadReusableView.xib */,
			);
			path = todaycell;
			sourceTree = "<group>";
		};
		F805350921FC4C760064609D /* gamecell */ = {
			isa = PBXGroup;
			children = (
				F805350A21FC4CCC0064609D /* ASGameTableViewCell.swift */,
				F805350C21FC51410064609D /* ASGameCollectionViewCell.swift */,
				F805350D21FC51410064609D /* ASGameCollectionViewCell.xib */,
				F805351621FC5E150064609D /* ASGame1TableViewCell.swift */,
				F805351021FC56F20064609D /* ASGame1CollectionViewCell.swift */,
				F805351121FC56F20064609D /* ASGame1CollectionViewCell.xib */,
				F805351821FC5E650064609D /* ASGame2TableViewCell.swift */,
				F805351A21FC5E9E0064609D /* ASGame2CollectionViewCell.swift */,
				F805351B21FC5E9E0064609D /* ASGame2CollectionViewCell.xib */,
				F81FF8A821FEA76700441CD7 /* ASGame3TableViewCell.swift */,
				F81FF8A921FEA76700441CD7 /* ASGame3TableViewCell.xib */,
				F81FF8AC21FEA7C000441CD7 /* ASGame4TableViewCell.swift */,
				F81FF8B021FEAE1000441CD7 /* ASGame4TableViewCell.xib */,
				F81FF8AE21FEA7DA00441CD7 /* ASGame5TableViewCell.swift */,
				F81FF8B221FEAE1A00441CD7 /* ASGame5TableViewCell.xib */,
			);
			path = gamecell;
			sourceTree = "<group>";
		};
		F81FF8B421FED6E200441CD7 /* updatecell */ = {
			isa = PBXGroup;
			children = (
				F81FF8B521FED74300441CD7 /* ASUpdateTableViewCell.swift */,
				F81FF8B621FED74300441CD7 /* ASUpdateTableViewCell.xib */,
				F81FF8B921FEDB3600441CD7 /* ASUpdate1TableViewCell.swift */,
				F81FF8BA21FEDB3600441CD7 /* ASUpdate1TableViewCell.xib */,
			);
			path = updatecell;
			sourceTree = "<group>";
		};
		F81FF8C52200370100441CD7 /* TitleView */ = {
			isa = PBXGroup;
			children = (
				F805350121FC0B1F0064609D /* ASLargeTitleView.swift */,
				F81FF8BD21FEDCD600441CD7 /* ASLargeSearchView.swift */,
				F81FF8C321FEEF7100441CD7 /* ASNavSearchView.swift */,
			);
			path = TitleView;
			sourceTree = "<group>";
		};
		F864AA5B21EF327D00C08B8F = {
			isa = PBXGroup;
			children = (
				F864AA6621EF327D00C08B8F /* appstore */,
				F864AA6521EF327D00C08B8F /* Products */,
			);
			sourceTree = "<group>";
		};
		F864AA6521EF327D00C08B8F /* Products */ = {
			isa = PBXGroup;
			children = (
				F864AA6421EF327D00C08B8F /* appstore.app */,
			);
			name = Products;
			sourceTree = "<group>";
		};
		F864AA6621EF327D00C08B8F /* appstore */ = {
			isa = PBXGroup;
			children = (
				F864AA6721EF327D00C08B8F /* AppDelegate.swift */,
				F805350321FC0DCD0064609D /* Others */,
				F80534FD21FC02E30064609D /* Base */,
				F80534F021FC016C0064609D /* VC */,
				F805350021FC0B020064609D /* View */,
				F864AA6B21EF327D00C08B8F /* Main.storyboard */,
				F864AA6E21EF327F00C08B8F /* Assets.xcassets */,
				F864AA7021EF327F00C08B8F /* LaunchScreen.storyboard */,
				F864AA6921EF327D00C08B8F /* ViewController.swift */,
				F864AA7321EF327F00C08B8F /* Info.plist */,
			);
			path = appstore;
			sourceTree = "<group>";
		};
/* End PBXGroup section */

/* Begin PBXNativeTarget section */
		F864AA6321EF327D00C08B8F /* appstore */ = {
			isa = PBXNativeTarget;
			buildConfigurationList = F864AA7621EF327F00C08B8F /* Build configuration list for PBXNativeTarget "appstore" */;
			buildPhases = (
				F864AA6021EF327D00C08B8F /* Sources */,
				F864AA6121EF327D00C08B8F /* Frameworks */,
				F864AA6221EF327D00C08B8F /* Resources */,
			);
			buildRules = (
			);
			dependencies = (
			);
			name = appstore;
			productName = appstore;
			productReference = F864AA6421EF327D00C08B8F /* appstore.app */;
			productType = "com.apple.product-type.application";
		};
/* End PBXNativeTarget section */

/* Begin PBXProject section */
		F864AA5C21EF327D00C08B8F /* Project object */ = {
			isa = PBXProject;
			attributes = {
				CLASSPREFIX = AS;
				LastSwiftUpdateCheck = 0940;
				LastUpgradeCheck = 0940;
				ORGANIZATIONNAME = st;
				TargetAttributes = {
					F864AA6321EF327D00C08B8F = {
						CreatedOnToolsVersion = 9.4;
					};
				};
			};
			buildConfigurationList = F864AA5F21EF327D00C08B8F /* Build configuration list for PBXProject "appstore" */;
			compatibilityVersion = "Xcode 9.3";
			developmentRegion = en;
			hasScannedForEncodings = 0;
			knownRegions = (
				en,
				Base,
			);
			mainGroup = F864AA5B21EF327D00C08B8F;
			productRefGroup = F864AA6521EF327D00C08B8F /* Products */;
			projectDirPath = "";
			projectRoot = "";
			targets = (
				F864AA6321EF327D00C08B8F /* appstore */,
			);
		};
/* End PBXProject section */

/* Begin PBXResourcesBuildPhase section */
		F864AA6221EF327D00C08B8F /* Resources */ = {
			isa = PBXResourcesBuildPhase;
			buildActionMask = 2147483647;
			files = (
				F805350F21FC51410064609D /* ASGameCollectionViewCell.xib in Resources */,
				F864AA7221EF327F00C08B8F /* LaunchScreen.storyboard in Resources */,
				F81FF8B821FED74300441CD7 /* ASUpdateTableViewCell.xib in Resources */,
				F805351321FC56F20064609D /* ASGame1CollectionViewCell.xib in Resources */,
				F81FF8B321FEAE1A00441CD7 /* ASGame5TableViewCell.xib in Resources */,
				F864AA6F21EF327F00C08B8F /* Assets.xcassets in Resources */,
				F864AA7C21EF333200C08B8F /* oneTableViewCell.xib in Resources */,
				F81FF8AB21FEA76700441CD7 /* ASGame3TableViewCell.xib in Resources */,
				F805351D21FC5E9E0064609D /* ASGame2CollectionViewCell.xib in Resources */,
				F81FF8B121FEAE1000441CD7 /* ASGame4TableViewCell.xib in Resources */,
				F81FF8BC21FEDB3600441CD7 /* ASUpdate1TableViewCell.xib in Resources */,
				F81FF8A721FEA01000441CD7 /* ASHeadReusableView.xib in Resources */,
				F864AA6D21EF327D00C08B8F /* Main.storyboard in Resources */,
				F864AA8021EF334000C08B8F /* twoTableViewCell.xib in Resources */,
			);
			runOnlyForDeploymentPostprocessing = 0;
		};
/* End PBXResourcesBuildPhase section */

/* Begin PBXSourcesBuildPhase section */
		F864AA6021EF327D00C08B8F /* Sources */ = {
			isa = PBXSourcesBuildPhase;
			buildActionMask = 2147483647;
			files = (
				F805350721FC31F80064609D /* AppUtils.swift in Sources */,
				F864AA7B21EF333200C08B8F /* oneTableViewCell.swift in Sources */,
				F80534F221FC01920064609D /* ASBaseViewController.swift in Sources */,
				F805351721FC5E150064609D /* ASGame1TableViewCell.swift in Sources */,
				F81FF8B721FED74300441CD7 /* ASUpdateTableViewCell.swift in Sources */,
				F805351921FC5E650064609D /* ASGame2TableViewCell.swift in Sources */,
				F80534F821FC01CA0064609D /* ASAppViewController.swift in Sources */,
				F81FF8AF21FEA7DA00441CD7 /* ASGame5TableViewCell.swift in Sources */,
				F80534F621FC01C00064609D /* ASGameViewController.swift in Sources */,
				F81FF8A621FEA01000441CD7 /* ASHeadReusableView.swift in Sources */,
				F81FF8BB21FEDB3600441CD7 /* ASUpdate1TableViewCell.swift in Sources */,
				F805350B21FC4CCC0064609D /* ASGameTableViewCell.swift in Sources */,
				F80534FF21FC030A0064609D /* ASBaseNavController.swift in Sources */,
				F80534FC21FC01E70064609D /* ASSearchViewController.swift in Sources */,
				F81FF8AA21FEA76700441CD7 /* ASGame3TableViewCell.swift in Sources */,
				F81FF8C421FEEF7100441CD7 /* ASNavSearchView.swift in Sources */,
				F864AA6A21EF327D00C08B8F /* ViewController.swift in Sources */,
				F80534EF21FC014B0064609D /* ASTabBarViewController.swift in Sources */,
				F805351221FC56F20064609D /* ASGame1CollectionViewCell.swift in Sources */,
				F81FF8BE21FEDCD600441CD7 /* ASLargeSearchView.swift in Sources */,
				F805351C21FC5E9E0064609D /* ASGame2CollectionViewCell.swift in Sources */,
				F805350E21FC51410064609D /* ASGameCollectionViewCell.swift in Sources */,
				F864AA7F21EF334000C08B8F /* twoTableViewCell.swift in Sources */,
				F81FF8AD21FEA7C000441CD7 /* ASGame4TableViewCell.swift in Sources */,
				F805350221FC0B1F0064609D /* ASLargeTitleView.swift in Sources */,
				F80534FA21FC01DC0064609D /* ASUpdateViewController.swift in Sources */,
				F864AA6821EF327D00C08B8F /* AppDelegate.swift in Sources */,
				F80534F421FC01B80064609D /* ASTodayViewController.swift in Sources */,
				F805350521FC0DE10064609D /* Const.swift in Sources */,
			);
			runOnlyForDeploymentPostprocessing = 0;
		};
/* End PBXSourcesBuildPhase section */

/* Begin PBXVariantGroup section */
		F864AA6B21EF327D00C08B8F /* Main.storyboard */ = {
			isa = PBXVariantGroup;
			children = (
				F864AA6C21EF327D00C08B8F /* Base */,
			);
			name = Main.storyboard;
			sourceTree = "<group>";
		};
		F864AA7021EF327F00C08B8F /* LaunchScreen.storyboard */ = {
			isa = PBXVariantGroup;
			children = (
				F864AA7121EF327F00C08B8F /* Base */,
			);
			name = LaunchScreen.storyboard;
			sourceTree = "<group>";
		};
/* End PBXVariantGroup section */

/* Begin XCBuildConfiguration section */
		F864AA7421EF327F00C08B8F /* Debug */ = {
			isa = XCBuildConfiguration;
			buildSettings = {
				ALWAYS_SEARCH_USER_PATHS = NO;
				CLANG_ANALYZER_NONNULL = YES;
				CLANG_ANALYZER_NUMBER_OBJECT_CONVERSION = YES_AGGRESSIVE;
				CLANG_CXX_LANGUAGE_STANDARD = "gnu++14";
				CLANG_CXX_LIBRARY = "libc++";
				CLANG_ENABLE_MODULES = YES;
				CLANG_ENABLE_OBJC_ARC = YES;
				CLANG_ENABLE_OBJC_WEAK = YES;
				CLANG_WARN_BLOCK_CAPTURE_AUTORELEASING = YES;
				CLANG_WARN_BOOL_CONVERSION = YES;
				CLANG_WARN_COMMA = YES;
				CLANG_WARN_CONSTANT_CONVERSION = YES;
				CLANG_WARN_DEPRECATED_OBJC_IMPLEMENTATIONS = YES;
				CLANG_WARN_DIRECT_OBJC_ISA_USAGE = YES_ERROR;
				CLANG_WARN_DOCUMENTATION_COMMENTS = YES;
				CLANG_WARN_EMPTY_BODY = YES;
				CLANG_WARN_ENUM_CONVERSION = YES;
				CLANG_WARN_INFINITE_RECURSION = YES;
				CLANG_WARN_INT_CONVERSION = YES;
				CLANG_WARN_NON_LITERAL_NULL_CONVERSION = YES;
				CLANG_WARN_OBJC_IMPLICIT_RETAIN_SELF = YES;
				CLANG_WARN_OBJC_LITERAL_CONVERSION = YES;
				CLANG_WARN_OBJC_ROOT_CLASS = YES_ERROR;
				CLANG_WARN_RANGE_LOOP_ANALYSIS = YES;
				CLANG_WARN_STRICT_PROTOTYPES = YES;
				CLANG_WARN_SUSPICIOUS_MOVE = YES;
				CLANG_WARN_UNGUARDED_AVAILABILITY = YES_AGGRESSIVE;
				CLANG_WARN_UNREACHABLE_CODE = YES;
				CLANG_WARN__DUPLICATE_METHOD_MATCH = YES;
				CODE_SIGN_IDENTITY = "iPhone Developer";
				COPY_PHASE_STRIP = NO;
				DEBUG_INFORMATION_FORMAT = dwarf;
				ENABLE_STRICT_OBJC_MSGSEND = YES;
				ENABLE_TESTABILITY = YES;
				GCC_C_LANGUAGE_STANDARD = gnu11;
				GCC_DYNAMIC_NO_PIC = NO;
				GCC_NO_COMMON_BLOCKS = YES;
				GCC_OPTIMIZATION_LEVEL = 0;
				GCC_PREPROCESSOR_DEFINITIONS = (
					"DEBUG=1",
					"$(inherited)",
				);
				GCC_WARN_64_TO_32_BIT_CONVERSION = YES;
				GCC_WARN_ABOUT_RETURN_TYPE = YES_ERROR;
				GCC_WARN_UNDECLARED_SELECTOR = YES;
				GCC_WARN_UNINITIALIZED_AUTOS = YES_AGGRESSIVE;
				GCC_WARN_UNUSED_FUNCTION = YES;
				GCC_WARN_UNUSED_VARIABLE = YES;
				IPHONEOS_DEPLOYMENT_TARGET = 11.4;
				MTL_ENABLE_DEBUG_INFO = YES;
				ONLY_ACTIVE_ARCH = YES;
				SDKROOT = iphoneos;
				SWIFT_ACTIVE_COMPILATION_CONDITIONS = DEBUG;
				SWIFT_OPTIMIZATION_LEVEL = "-Onone";
			};
			name = Debug;
		};
		F864AA7521EF327F00C08B8F /* Release */ = {
			isa = XCBuildConfiguration;
			buildSettings = {
				ALWAYS_SEARCH_USER_PATHS = NO;
				CLANG_ANALYZER_NONNULL = YES;
				CLANG_ANALYZER_NUMBER_OBJECT_CONVERSION = YES_AGGRESSIVE;
				CLANG_CXX_LANGUAGE_STANDARD = "gnu++14";
				CLANG_CXX_LIBRARY = "libc++";
				CLANG_ENABLE_MODULES = YES;
				CLANG_ENABLE_OBJC_ARC = YES;
				CLANG_ENABLE_OBJC_WEAK = YES;
				CLANG_WARN_BLOCK_CAPTURE_AUTORELEASING = YES;
				CLANG_WARN_BOOL_CONVERSION = YES;
				CLANG_WARN_COMMA = YES;
				CLANG_WARN_CONSTANT_CONVERSION = YES;
				CLANG_WARN_DEPRECATED_OBJC_IMPLEMENTATIONS = YES;
				CLANG_WARN_DIRECT_OBJC_ISA_USAGE = YES_ERROR;
				CLANG_WARN_DOCUMENTATION_COMMENTS = YES;
				CLANG_WARN_EMPTY_BODY = YES;
				CLANG_WARN_ENUM_CONVERSION = YES;
				CLANG_WARN_INFINITE_RECURSION = YES;
				CLANG_WARN_INT_CONVERSION = YES;
				CLANG_WARN_NON_LITERAL_NULL_CONVERSION = YES;
				CLANG_WARN_OBJC_IMPLICIT_RETAIN_SELF = YES;
				CLANG_WARN_OBJC_LITERAL_CONVERSION = YES;
				CLANG_WARN_OBJC_ROOT_CLASS = YES_ERROR;
				CLANG_WARN_RANGE_LOOP_ANALYSIS = YES;
				CLANG_WARN_STRICT_PROTOTYPES = YES;
				CLANG_WARN_SUSPICIOUS_MOVE = YES;
				CLANG_WARN_UNGUARDED_AVAILABILITY = YES_AGGRESSIVE;
				CLANG_WARN_UNREACHABLE_CODE = YES;
				CLANG_WARN__DUPLICATE_METHOD_MATCH = YES;
				CODE_SIGN_IDENTITY = "iPhone Developer";
				COPY_PHASE_STRIP = NO;
				DEBUG_INFORMATION_FORMAT = "dwarf-with-dsym";
				ENABLE_NS_ASSERTIONS = NO;
				ENABLE_STRICT_OBJC_MSGSEND = YES;
				GCC_C_LANGUAGE_STANDARD = gnu11;
				GCC_NO_COMMON_BLOCKS = YES;
				GCC_WARN_64_TO_32_BIT_CONVERSION = YES;
				GCC_WARN_ABOUT_RETURN_TYPE = YES_ERROR;
				GCC_WARN_UNDECLARED_SELECTOR = YES;
				GCC_WARN_UNINITIALIZED_AUTOS = YES_AGGRESSIVE;
				GCC_WARN_UNUSED_FUNCTION = YES;
				GCC_WARN_UNUSED_VARIABLE = YES;
				IPHONEOS_DEPLOYMENT_TARGET = 11.4;
				MTL_ENABLE_DEBUG_INFO = NO;
				SDKROOT = iphoneos;
				SWIFT_COMPILATION_MODE = wholemodule;
				SWIFT_OPTIMIZATION_LEVEL = "-O";
				VALIDATE_PRODUCT = YES;
			};
			name = Release;
		};
		F864AA7721EF327F00C08B8F /* Debug */ = {
			isa = XCBuildConfiguration;
			buildSettings = {
				ASSETCATALOG_COMPILER_APPICON_NAME = AppIcon;
				CODE_SIGN_STYLE = Automatic;
				DEVELOPMENT_TEAM = 9RK2CXA26G;
				INFOPLIST_FILE = appstore/Info.plist;
				IPHONEOS_DEPLOYMENT_TARGET = 9.0;
				LD_RUNPATH_SEARCH_PATHS = (
					"$(inherited)",
					"@executable_path/Frameworks",
				);
				PRODUCT_BUNDLE_IDENTIFIER = com.ssss.dddd;
				PRODUCT_NAME = "$(TARGET_NAME)";
				SWIFT_VERSION = 4.0;
				TARGETED_DEVICE_FAMILY = "1,2";
			};
			name = Debug;
		};
		F864AA7821EF327F00C08B8F /* Release */ = {
			isa = XCBuildConfiguration;
			buildSettings = {
				ASSETCATALOG_COMPILER_APPICON_NAME = AppIcon;
				CODE_SIGN_STYLE = Automatic;
				DEVELOPMENT_TEAM = 9RK2CXA26G;
				INFOPLIST_FILE = appstore/Info.plist;
				IPHONEOS_DEPLOYMENT_TARGET = 9.0;
				LD_RUNPATH_SEARCH_PATHS = (
					"$(inherited)",
					"@executable_path/Frameworks",
				);
				PRODUCT_BUNDLE_IDENTIFIER = com.ssss.dddd;
				PRODUCT_NAME = "$(TARGET_NAME)";
				SWIFT_VERSION = 4.0;
				TARGETED_DEVICE_FAMILY = "1,2";
			};
			name = Release;
		};
/* End XCBuildConfiguration section */

/* Begin XCConfigurationList section */
		F864AA5F21EF327D00C08B8F /* Build configuration list for PBXProject "appstore" */ = {
			isa = XCConfigurationList;
			buildConfigurations = (
				F864AA7421EF327F00C08B8F /* Debug */,
				F864AA7521EF327F00C08B8F /* Release */,
			);
			defaultConfigurationIsVisible = 0;
			defaultConfigurationName = Release;
		};
		F864AA7621EF327F00C08B8F /* Build configuration list for PBXNativeTarget "appstore" */ = {
			isa = XCConfigurationList;
			buildConfigurations = (
				F864AA7721EF327F00C08B8F /* Debug */,
				F864AA7821EF327F00C08B8F /* Release */,
			);
			defaultConfigurationIsVisible = 0;
			defaultConfigurationName = Release;
		};
/* End XCConfigurationList section */
	};
	rootObject = F864AA5C21EF327D00C08B8F /* Project object */;
}
